
Microsoft Visual Studio Solution File, Format Version 12.00
# Visual Studio Version 17
VisualStudioVersion = 17.7.34024.191
MinimumVisualStudioVersion = 10.0.40219.1
Project("{8BC9CEB8-8B4A-11D0-8D11-00A0C91BC942}") = "lab3_saod", "lab3_saod\lab3_saod.vcxproj", "{6247D31F-9B8D-4CB4-8C86-DED03D0C1B80}"
EndProject
Project("{8BC9CEB8-8B4A-11D0-8D11-00A0C91BC942}") = "lab3_saod2", "lab3_saod2\lab3_saod2.vcxproj", "{28822514-3F04-4209-916A-8223BF96C3D5}"
EndProject
Global
	GlobalSection(SolutionConfigurationPlatforms) = preSolution
		Debug|x64 = Debug|x64
		Debug|x86 = Debug|x86
		Release|x64 = Release|x64
		Release|x86 = Release|x86
	EndGlobalSection
	GlobalSection(ProjectConfigurationPlatforms) = postSolution
		{6247D31F-9B8D-4CB4-8C86-DED03D0C1B80}.Debug|x64.ActiveCfg = Debug|x64
		{6247D31F-9B8D-4CB4-8C86-DED03D0C1B80}.Debug|x64.Build.0 = Debug|x64
		{6247D31F-9B8D-4CB4-8C86-DED03D0C1B80}.Debug|x86.ActiveCfg = Debug|Win32
		{6247D31F-9B8D-4CB4-8C86-DED03D0C1B80}.Debug|x86.Build.0 = Debug|Win32
		{6247D31F-9B8D-4CB4-8C86-DED03D0C1B80}.Release|x64.ActiveCfg = Release|x64
		{6247D31F-9B8D-4CB4-8C86-DED03D0C1B80}.Release|x64.Build.0 = Release|x64
		{6247D31F-9B8D-4CB4-8C86-DED03D0C1B80}.Release|x86.ActiveCfg = Release|Win32
		{6247D31F-9B8D-4CB4-8C86-DED03D0C1B80}.Release|x86.Build.0 = Release|Win32
		{28822514-3F04-4209-916A-8223BF96C3D5}.Debug|x64.ActiveCfg = Debug|x64
		{28822514-3F04-4209-916A-8223BF96C3D5}.Debug|x64.Build.0 = Debug|x64
		{28822514-3F04-4209-916A-8223BF96C3D5}.Debug|x86.ActiveCfg = Debug|Win32
		{28822514-3F04-4209-916A-8223BF96C3D5}.Debug|x86.Build.0 = Debug|Win32
		{28822514-3F04-4209-916A-8223BF96C3D5}.Release|x64.ActiveCfg = Release|x64
		{28822514-3F04-4209-916A-8223BF96C3D5}.Release|x64.Build.0 = Release|x64
		{28822514-3F04-4209-916A-8223BF96C3D5}.Release|x86.ActiveCfg = Release|Win32
		{28822514-3F04-4209-916A-8223BF96C3D5}.Release|x86.Build.0 = Release|Win32
	EndGlobalSection
	GlobalSection(SolutionProperties) = preSolution
		HideSolutionNode = FALSE
	EndGlobalSection
	GlobalSection(ExtensibilityGlobals) = postSolution
		SolutionGuid = {AD924431-9CC7-40C3-A316-DE287CEFBE4D}
	EndGlobalSection
EndGlobal
